
Microsoft Visual Studio Solution File, Format Version 12.00
# Visual Studio 15
VisualStudioVersion = 15.0.28307.902
MinimumVisualStudioVersion = 10.0.40219.1
Project("{FAE04EC0-301F-11D3-BF4B-00C04F79EFBC}") = "SqlProcedureWebApp", "SqlProcedureWebApp\SqlProcedureWebApp.csproj", "{4CFCDFB8-5809-4D6D-B631-C2561A07F613}"
EndProject
Project("{FAE04EC0-301F-11D3-BF4B-00C04F79EFBC}") = "SqlStoredProcedureLib", "SqlStoredProcedureLib\SqlStoredProcedureLib.csproj", "{08A554B8-1242-472A-B4FD-9D8129EC40DE}"
EndProject
Global
	GlobalSection(SolutionConfigurationPlatforms) = preSolution
		Debug|Any CPU = Debug|Any CPU
		Release|Any CPU = Release|Any CPU
	EndGlobalSection
	GlobalSection(ProjectConfigurationPlatforms) = postSolution
		{4CFCDFB8-5809-4D6D-B631-C2561A07F613}.Debug|Any CPU.ActiveCfg = Debug|Any CPU
		{4CFCDFB8-5809-4D6D-B631-C2561A07F613}.Debug|Any CPU.Build.0 = Debug|Any CPU
		{4CFCDFB8-5809-4D6D-B631-C2561A07F613}.Release|Any CPU.ActiveCfg = Release|Any CPU
		{4CFCDFB8-5809-4D6D-B631-C2561A07F613}.Release|Any CPU.Build.0 = Release|Any CPU
		{08A554B8-1242-472A-B4FD-9D8129EC40DE}.Debug|Any CPU.ActiveCfg = Debug|Any CPU
		{08A554B8-1242-472A-B4FD-9D8129EC40DE}.Debug|Any CPU.Build.0 = Debug|Any CPU
		{08A554B8-1242-472A-B4FD-9D8129EC40DE}.Release|Any CPU.ActiveCfg = Release|Any CPU
		{08A554B8-1242-472A-B4FD-9D8129EC40DE}.Release|Any CPU.Build.0 = Release|Any CPU
	EndGlobalSection
	GlobalSection(SolutionProperties) = preSolution
		HideSolutionNode = FALSE
	EndGlobalSection
	GlobalSection(ExtensibilityGlobals) = postSolution
		SolutionGuid = {7A5E5CEB-396B-47B5-BEE6-257314BBFF5B}
	EndGlobalSection
EndGlobal
